DEPENDENCIES
  tools_sdlc
    path: .
    metadata: true

GRAPH
  chef-splunk (1.2.0)
    chef-vault (>= 1.0.4)
  chef-vault (1.1.2)
  java (1.22.0)
  platform_chef-splunk (2.0.20)
    chef-splunk (= 1.2.0)
    chef-vault (= 1.1.2)
    platform_yum (= 2.1.0)
  platform_java (0.2.1)
    java (= 1.22.0)
    platform_yum (= 2.1.0)
  platform_newrelic (0.1.5)
    platform_yum (= 2.1.0)
  platform_tomcat (0.1.7)
    platform_java (= 0.2.1)
    platform_yum (= 2.1.0)
  platform_yum (2.1.0)
    yum (= 3.2.0)
  tools_sdlc (0.1.60)
    platform_chef-splunk (= 2.0.20)
    platform_java (= 0.2.1)
    platform_newrelic (= 0.1.5)
    platform_tomcat (= 0.1.7)
  yum (3.2.0)
